version: v2
locks:
  f/api/at_tax_calc: 3a486cccedc7e6d4e637946de16aa0f2ec6324f3bd1d611d569840f833dd6234
  f/api/env_analysis_gateway: d53f4f02383005b31378968ebcce6b1f807b96ea7569428c3cb14e414f5fe675
  f/db/audit_connections: 66cb9106e55410af45f7d1bc74dddcb054150f812657a47c2894c23e2b79e2f6
  f/db/check_connection_limits: 64f95b9fbf24da878d8f9894df17da5acbd3d158b0abaf101891f29aff7a59b6
  f/db/cleanup_idle_connections: e9334fb59cf3c02ad92822a5aab6c00bbcce8bd0da135f65d296eb21548e754e
  f/db/kill_stuck_connections: ecadefdd1431779bee46fee29058daa98f747e93a57b00e43f4c481ac4da44a9
  f/geo/fetch_osm_buildings: 8e12b717a5e1f8f69b2d81744dc3b06fc2eed91d89c25cb8c37d2223abc8d011
  f/geo/fetch_overture_buildings: 1d944a61d94c7322630a9486edb7214ca0cb4511d4d187050e803ddc3a6227ac
  f/geo/fetch_tum_buildings: 780ce2bc0e9259bfd6a9e733f2dd12217103e560ad575971283257e633b8e662
  f/geo/fetchers/bq_overture: ccf1c0e9f930574e8416a25bf589aafbb0e22249a6c189104dfe14163ac4a324
  f/geo/fetchers/osm: f7ebfec518cc8cc6e591230e4f92416a662c2f5c3ca121877c0f225b37161670
  f/geo/fetchers/overture: e8885b430fe11eeba931009e4c9bcc00714b9c6195d8d85ceae4da23d475a864
  f/geo/fetchers/overture_parallel.flow+__flow_hash: c1940722dc3b8ff3545125c2c6d2aa7b433826ea409241a2795da41490639be6
  f/geo/fetchers/overture_parallel.flow+inline_script_0.inline_script.py: 66823259a71ab3f5f568d09711016d4512ac75b8042811d554a1ec22bd5c7ea7
  f/geo/fetchers/test_s3: 687ce3c2294245454bfbb3d4504f1129ac9019cba774f6d8d121562e887682ff
  f/geo/fetchers/tum: 2b67cd1a8ee29a136d43187cc8e02ebac34fc0b8952c7d7120348f5862fd807e
  f/geo/flows/fetch_buildings.flow+__flow_hash: 513b68d08d91480ae324cf022a2e71c917ade0af73d0e72af64c01779a7c2ac0
  f/geo/flows/fetch_buildings.flow+inline_script_0.inline_script.py: d7329fe395bc6f201afe05fc03fde2078b414a93704e265e8def98ebbe4275b7
  f/geo/geocode: dd722b0b702a232c8ea2d799de065d3aaac0a93131dd207fe2852a589c46fe26
  f/geo/merge_building_heights: c3e77544c719a6bf66b4cfef947cba163f83ca9149b66134ec53132863618406
  f/geo/overture/build_metadata_cache: 83f8e44ef28b3d52edcc2c4488a8a9c3b2189d448fce65b7e66276992f860cc5
  f/geo/overture/cleanup_bq_cache: 6cf0fe8b166aab028dc85284558a97d0319c257902c9f4e018e99563394f80e2
  f/geo/overture/refresh_metadata_cache: 269e80683f207d23baf601d2feb67c0f746ceb19d8dbea256d94d7955493c657
  f/geo/overture/setup_bq_cache: 1fd88eb31861a0eff8b6ec2ddb64ac68d315203f5fc657e12662e39b7a05c652
  f/geo/overture/test_bq_fetcher: 94ab65dc478e2ca6d59ba1abe6d359cc87fb9ea0d7aab3dbd991ce3f963bbfa0
  f/geo/overture/test_fixes_standalone: eaca07d75eee4384f734de11575484ba763148affe5abf8991f4485748793d7b
  f/geo/processors/merge_heights: 6b3ee5db8509002e188487d855cb32a76ebd90e65910e3214a1791b3f05f0337
  f/geo/render_map_image: 75d0c71378193a4eff010b55dddc3aee839056a5c3b574f8dfdc2ef5efe0f2d2
  f/geo/trees/fetch.flow+__flow_hash: 513b68d08d91480ae324cf022a2e71c917ade0af73d0e72af64c01779a7c2ac0
  f/geo/trees/fetch.flow+inline_script_0.inline_script.py: d7329fe395bc6f201afe05fc03fde2078b414a93704e265e8def98ebbe4275b7
  f/geo/trees/merge: 4296fb5f499818a5391dc76a4e4d6e2f39e2a7016aea61b518c1968e7d1bdc0d
  f/geo/trees/opentrees: 05e8b9f97b585b2d90160adb0f6b67f750e2f03e66a8d52496f21436256aa222
  f/geo/trees/osm: a21463e852b989be6128c5d40600e25561e3dfe84a213868238907729e049774
  f/infrared/assemble_pdf: 5d4d0b87152d109e1ea68a26d5bf647983d5dd39329e21e0cf6ece977f2f5da9
  f/infrared/enrich_simulation: 78df27250b91af74a9c5c164102d8bdc517fb3866a84075c908b7caebb4168af
  f/infrared/gemini_context: 1c9cb7e4c1cc2f2f9142d779df2b7d11e85abd43e7280bd6886fee62739bb25b
  f/infrared/kpis: e44015fa42a1aec84fcd145df1a807f1a1f325be6d971e1219726fddf6671079
  f/infrared/pdf_styles: a81a63d9b5bb8d4c0994c055fd77439c8d58c49d9225ea837088e9411a25748d
  f/infrared/presets: 4d4db1d7a2c6cb9fc1fa82667c0ed1acf077be66e4dd9b6a22330ed569c8e3ea
  f/infrared/report_ai_summary: 31328e6e5dc591e3f706d4d0803edd176f8ecd98325c4e6d9841d3f1bd14cd46
  f/infrared/report_markdown: 0e5f7f53dccc6f838817ed28bbe3d879f99a50b7e1e66121c14babf2b22e18f9
  f/infrared/report_pdf: 165d1da86dc5779214e9762843e6b4cc5ea6782a0de48a7f7dd2b5a6a7e72dc6
  f/infrared/session_store: 6591f2c7d0f3913b1d6bad50e81e88a1e2d0b08e606971592371a6a7e2e7e449
  f/infrared/simulate: 4c30c220cfdee6d279b5718a1d62a248128539fb0b9d2a755dbec4f476c292ff
  f/ir_audit/create_memories_table: 197365341909290d0255f11b291c14b2de047766878720e789e0e6e6ea628e24
  f/ir_audit/daily_sync: a81c0d534f217898a42fe9571a4a22812d38a295d4421e5e30403591df71ce22
  f/ir_audit/memory_query: 1f642a4803e61b34e3f72f6cb9d84fa59ebdc5cfaebcd7daaf0912f86b44f995
  f/ir_audit/noco_query: 55b8b82ec8482fa1545389c5cc75f45eca9502b04f7cb9e42531ca7841ded410
  f/storage/upload_screenshot: 5acc0b1163fffdad977ad49af72e7c18f8f2259ffc052b4e79cb231abda80957
  f/test/hello_world: 950228b35455ffa499f8fb20e95b5de36e3090c6640adb2c80431909d7c9492a
